<?xml version="1.0" encoding="utf-8"?>
<Project ToolsVersion="4.0" xmlns="http://schemas.microsoft.com/developer/msbuild/2003">
  <ItemGroup>
    <Filter Include="Source Files">
      <UniqueIdentifier>{4FC737F1-C7A5-4376-A066-2A32D752A2FF}</UniqueIdentifier>
      <Extensions>cpp;c;cc;cxx;def;odl;idl;hpj;bat;asm;asmx</Extensions>
    </Filter>
    <Filter Include="Header Files">
      <UniqueIdentifier>{93995380-89BD-4b04-88EB-625FBE52EBFB}</UniqueIdentifier>
      <Extensions>h;hpp;hxx;hm;inl;inc;xsd</Extensions>
    </Filter>
    <Filter Include="Resource Files">
      <UniqueIdentifier>{67DA6AB6-F800-4c08-8B7A-83BB121AAD01}</UniqueIdentifier>
      <Extensions>rc;ico;cur;bmp;dlg;rc2;rct;bin;rgs;gif;jpg;jpeg;jpe;resx;tiff;tif;png;wav;mfcribbon-ms</Extensions>
    </Filter>
    <Filter Include="OgreMain">
      <UniqueIdentifier>{61f9850e-6556-4711-b2dd-4c2fcfe5acda}</UniqueIdentifier>
    </Filter>
  </ItemGroup>
  <ItemGroup>
    <ResourceCompile Include="src\WIN32\OgreWin32Resources.rc">
      <Filter>Resource Files</Filter>
    </ResourceCompile>
  </ItemGroup>
  <ItemGroup>
    <ClCompile Include="LiteRoot.cpp">
      <Filter>Source Files</Filter>
    </ClCompile>
    <ClCompile Include="src\OgreAlignedAllocator.cpp">
      <Filter>OgreMain</Filter>
    </ClCompile>
    <ClCompile Include="src\OgreZip.cpp">
      <Filter>OgreMain</Filter>
    </ClCompile>
    <ClCompile Include="src\OgreAnimable.cpp">
      <Filter>OgreMain</Filter>
    </ClCompile>
    <ClCompile Include="src\OgreAnimation.cpp">
      <Filter>OgreMain</Filter>
    </ClCompile>
    <ClCompile Include="src\OgreAnimationState.cpp">
      <Filter>OgreMain</Filter>
    </ClCompile>
    <ClCompile Include="src\OgreAnimationTrack.cpp">
      <Filter>OgreMain</Filter>
    </ClCompile>
    <ClCompile Include="src\OgreArchiveManager.cpp">
      <Filter>OgreMain</Filter>
    </ClCompile>
    <ClCompile Include="src\OgreAtomicScalar.cpp">
      <Filter>OgreMain</Filter>
    </ClCompile>
    <ClCompile Include="src\OgreAutoParamDataSource.cpp">
      <Filter>OgreMain</Filter>
    </ClCompile>
    <ClCompile Include="src\OgreAxisAlignedBox.cpp">
      <Filter>OgreMain</Filter>
    </ClCompile>
    <ClCompile Include="src\OgreBillboard.cpp">
      <Filter>OgreMain</Filter>
    </ClCompile>
    <ClCompile Include="src\OgreBillboardChain.cpp">
      <Filter>OgreMain</Filter>
    </ClCompile>
    <ClCompile Include="src\OgreBillboardParticleRenderer.cpp">
      <Filter>OgreMain</Filter>
    </ClCompile>
    <ClCompile Include="src\OgreBillboardSet.cpp">
      <Filter>OgreMain</Filter>
    </ClCompile>
    <ClCompile Include="src\OgreBone.cpp">
      <Filter>OgreMain</Filter>
    </ClCompile>
    <ClCompile Include="src\OgreCamera.cpp">
      <Filter>OgreMain</Filter>
    </ClCompile>
    <ClCompile Include="src\OgreCodec.cpp">
      <Filter>OgreMain</Filter>
    </ClCompile>
    <ClCompile Include="src\OgreColourValue.cpp">
      <Filter>OgreMain</Filter>
    </ClCompile>
    <ClCompile Include="src\OgreCommon.cpp">
      <Filter>OgreMain</Filter>
    </ClCompile>
    <ClCompile Include="src\OgreCompositionPass.cpp">
      <Filter>OgreMain</Filter>
    </ClCompile>
    <ClCompile Include="src\OgreCompositionTargetPass.cpp">
      <Filter>OgreMain</Filter>
    </ClCompile>
    <ClCompile Include="src\OgreCompositionTechnique.cpp">
      <Filter>OgreMain</Filter>
    </ClCompile>
    <ClCompile Include="src\OgreCompositor.cpp">
      <Filter>OgreMain</Filter>
    </ClCompile>
    <ClCompile Include="src\OgreCompositorChain.cpp">
      <Filter>OgreMain</Filter>
    </ClCompile>
    <ClCompile Include="src\OgreCompositorInstance.cpp">
      <Filter>OgreMain</Filter>
    </ClCompile>
    <ClCompile Include="src\OgreCompositorManager.cpp">
      <Filter>OgreMain</Filter>
    </ClCompile>
    <ClCompile Include="src\WIN32\OgreConfigDialog.cpp">
      <Filter>OgreMain</Filter>
    </ClCompile>
    <ClCompile Include="src\OgreConfigFile.cpp">
      <Filter>OgreMain</Filter>
    </ClCompile>
    <ClCompile Include="src\OgreControllerManager.cpp">
      <Filter>OgreMain</Filter>
    </ClCompile>
    <ClCompile Include="src\OgreConvexBody.cpp">
      <Filter>OgreMain</Filter>
    </ClCompile>
    <ClCompile Include="src\OgreDataStream.cpp">
      <Filter>OgreMain</Filter>
    </ClCompile>
    <ClCompile Include="src\OgreDDSCodec.cpp">
      <Filter>OgreMain</Filter>
    </ClCompile>
    <ClCompile Include="src\OgreDefaultHardwareBufferManager.cpp">
      <Filter>OgreMain</Filter>
    </ClCompile>
    <ClCompile Include="src\OgreDefaultSceneQueries.cpp">
      <Filter>OgreMain</Filter>
    </ClCompile>
    <ClCompile Include="src\Threading\OgreDefaultWorkQueueStandard.cpp">
      <Filter>OgreMain</Filter>
    </ClCompile>
    <ClCompile Include="src\OgreDeflate.cpp">
      <Filter>OgreMain</Filter>
    </ClCompile>
    <ClCompile Include="src\OgreDepthBuffer.cpp">
      <Filter>OgreMain</Filter>
    </ClCompile>
    <ClCompile Include="src\OgreDistanceLodStrategy.cpp">
      <Filter>OgreMain</Filter>
    </ClCompile>
    <ClCompile Include="src\OgreDualQuaternion.cpp">
      <Filter>OgreMain</Filter>
    </ClCompile>
    <ClCompile Include="src\OgreDynLib.cpp">
      <Filter>OgreMain</Filter>
    </ClCompile>
    <ClCompile Include="src\OgreDynLibManager.cpp">
      <Filter>OgreMain</Filter>
    </ClCompile>
    <ClCompile Include="src\OgreEdgeListBuilder.cpp">
      <Filter>OgreMain</Filter>
    </ClCompile>
    <ClCompile Include="src\OgreEntity.cpp">
      <Filter>OgreMain</Filter>
    </ClCompile>
    <ClCompile Include="src\WIN32\OgreErrorDialog.cpp">
      <Filter>OgreMain</Filter>
    </ClCompile>
    <ClCompile Include="src\OgreETCCodec.cpp">
      <Filter>OgreMain</Filter>
    </ClCompile>
    <ClCompile Include="src\OgreException.cpp">
      <Filter>OgreMain</Filter>
    </ClCompile>
    <ClCompile Include="src\OgreExternalTextureSource.cpp">
      <Filter>OgreMain</Filter>
    </ClCompile>
    <ClCompile Include="src\OgreExternalTextureSourceManager.cpp">
      <Filter>OgreMain</Filter>
    </ClCompile>
    <ClCompile Include="src\OgreFileSystem.cpp">
      <Filter>OgreMain</Filter>
    </ClCompile>
    <ClCompile Include="src\WIN32\OgreFileSystemLayer.cpp">
      <Filter>OgreMain</Filter>
    </ClCompile>
    <ClCompile Include="src\OgreFreeImageCodec.cpp">
      <Filter>OgreMain</Filter>
    </ClCompile>
    <ClCompile Include="src\OgreFrustum.cpp">
      <Filter>OgreMain</Filter>
    </ClCompile>
    <ClCompile Include="src\OgreGpuProgram.cpp">
      <Filter>OgreMain</Filter>
    </ClCompile>
    <ClCompile Include="src\OgreGpuProgramManager.cpp">
      <Filter>OgreMain</Filter>
    </ClCompile>
    <ClCompile Include="src\OgreGpuProgramParams.cpp">
      <Filter>OgreMain</Filter>
    </ClCompile>
    <ClCompile Include="src\OgreGpuProgramUsage.cpp">
      <Filter>OgreMain</Filter>
    </ClCompile>
    <ClCompile Include="src\OgreHardwareBufferManager.cpp">
      <Filter>OgreMain</Filter>
    </ClCompile>
    <ClCompile Include="src\OgreHardwareCounterBuffer.cpp">
      <Filter>OgreMain</Filter>
    </ClCompile>
    <ClCompile Include="src\OgreHardwareIndexBuffer.cpp">
      <Filter>OgreMain</Filter>
    </ClCompile>
    <ClCompile Include="src\OgreHardwareOcclusionQuery.cpp">
      <Filter>OgreMain</Filter>
    </ClCompile>
    <ClCompile Include="src\OgreHardwarePixelBuffer.cpp">
      <Filter>OgreMain</Filter>
    </ClCompile>
    <ClCompile Include="src\OgreHardwareUniformBuffer.cpp">
      <Filter>OgreMain</Filter>
    </ClCompile>
    <ClCompile Include="src\OgreHardwareVertexBuffer.cpp">
      <Filter>OgreMain</Filter>
    </ClCompile>
    <ClCompile Include="src\OgreHighLevelGpuProgram.cpp">
      <Filter>OgreMain</Filter>
    </ClCompile>
    <ClCompile Include="src\OgreHighLevelGpuProgramManager.cpp">
      <Filter>OgreMain</Filter>
    </ClCompile>
    <ClCompile Include="src\OgreImage.cpp">
      <Filter>OgreMain</Filter>
    </ClCompile>
    <ClCompile Include="src\OgreInstanceBatch.cpp">
      <Filter>OgreMain</Filter>
    </ClCompile>
    <ClCompile Include="src\OgreInstanceBatchHW.cpp">
      <Filter>OgreMain</Filter>
    </ClCompile>
    <ClCompile Include="src\OgreInstanceBatchHW_VTF.cpp">
      <Filter>OgreMain</Filter>
    </ClCompile>
    <ClCompile Include="src\OgreInstanceBatchShader.cpp">
      <Filter>OgreMain</Filter>
    </ClCompile>
    <ClCompile Include="src\OgreInstanceBatchVTF.cpp">
      <Filter>OgreMain</Filter>
    </ClCompile>
    <ClCompile Include="src\OgreInstancedEntity.cpp">
      <Filter>OgreMain</Filter>
    </ClCompile>
    <ClCompile Include="src\OgreInstancedGeometry.cpp">
      <Filter>OgreMain</Filter>
    </ClCompile>
    <ClCompile Include="src\OgreInstanceManager.cpp">
      <Filter>OgreMain</Filter>
    </ClCompile>
    <ClCompile Include="src\OgreKeyFrame.cpp">
      <Filter>OgreMain</Filter>
    </ClCompile>
    <ClCompile Include="src\OgreLight.cpp">
      <Filter>OgreMain</Filter>
    </ClCompile>
    <ClCompile Include="src\OgreLodStrategy.cpp">
      <Filter>OgreMain</Filter>
    </ClCompile>
    <ClCompile Include="src\OgreLodStrategyManager.cpp">
      <Filter>OgreMain</Filter>
    </ClCompile>
    <ClCompile Include="src\OgreLog.cpp">
      <Filter>OgreMain</Filter>
    </ClCompile>
    <ClCompile Include="src\OgreLogManager.cpp">
      <Filter>OgreMain</Filter>
    </ClCompile>
    <ClCompile Include="src\OgreManualObject.cpp">
      <Filter>OgreMain</Filter>
    </ClCompile>
    <ClCompile Include="src\OgreMaterial.cpp">
      <Filter>OgreMain</Filter>
    </ClCompile>
    <ClCompile Include="src\OgreMaterialManager.cpp">
      <Filter>OgreMain</Filter>
    </ClCompile>
    <ClCompile Include="src\OgreMaterialSerializer.cpp">
      <Filter>OgreMain</Filter>
    </ClCompile>
    <ClCompile Include="src\OgreMath.cpp">
      <Filter>OgreMain</Filter>
    </ClCompile>
    <ClCompile Include="src\OgreMatrix3.cpp">
      <Filter>OgreMain</Filter>
    </ClCompile>
    <ClCompile Include="src\OgreMatrix4.cpp">
      <Filter>OgreMain</Filter>
    </ClCompile>
    <ClCompile Include="src\OgreMemoryAllocatedObject.cpp">
      <Filter>OgreMain</Filter>
    </ClCompile>
    <ClCompile Include="src\OgreMemoryNedAlloc.cpp">
      <Filter>OgreMain</Filter>
    </ClCompile>
    <ClCompile Include="src\OgreMemoryNedPooling.cpp">
      <Filter>OgreMain</Filter>
    </ClCompile>
    <ClCompile Include="src\OgreMemoryTracker.cpp">
      <Filter>OgreMain</Filter>
    </ClCompile>
    <ClCompile Include="src\OgreMesh.cpp">
      <Filter>OgreMain</Filter>
    </ClCompile>
    <ClCompile Include="src\OgreMeshManager.cpp">
      <Filter>OgreMain</Filter>
    </ClCompile>
    <ClCompile Include="src\OgreMeshSerializer.cpp">
      <Filter>OgreMain</Filter>
    </ClCompile>
    <ClCompile Include="src\OgreMeshSerializerImpl.cpp">
      <Filter>OgreMain</Filter>
    </ClCompile>
    <ClCompile Include="src\OgreMovableObject.cpp">
      <Filter>OgreMain</Filter>
    </ClCompile>
    <ClCompile Include="src\OgreMovablePlane.cpp">
      <Filter>OgreMain</Filter>
    </ClCompile>
    <ClCompile Include="src\OgreNode.cpp">
      <Filter>OgreMain</Filter>
    </ClCompile>
    <ClCompile Include="src\OgreNumerics.cpp">
      <Filter>OgreMain</Filter>
    </ClCompile>
    <ClCompile Include="src\OgreOptimisedUtil.cpp">
      <Filter>OgreMain</Filter>
    </ClCompile>
    <ClCompile Include="src\WIN32\OgreOptimisedUtilDirectXMath.cpp">
      <Filter>OgreMain</Filter>
    </ClCompile>
    <ClCompile Include="src\OgreOptimisedUtilGeneral.cpp">
      <Filter>OgreMain</Filter>
    </ClCompile>
    <ClCompile Include="src\OgreOptimisedUtilSSE.cpp">
      <Filter>OgreMain</Filter>
    </ClCompile>
    <ClCompile Include="src\OgreParticle.cpp">
      <Filter>OgreMain</Filter>
    </ClCompile>
    <ClCompile Include="src\OgreParticleEmitter.cpp">
      <Filter>OgreMain</Filter>
    </ClCompile>
    <ClCompile Include="src\OgreParticleEmitterCommands.cpp">
      <Filter>OgreMain</Filter>
    </ClCompile>
    <ClCompile Include="src\OgreParticleIterator.cpp">
      <Filter>OgreMain</Filter>
    </ClCompile>
    <ClCompile Include="src\OgreParticleSystem.cpp">
      <Filter>OgreMain</Filter>
    </ClCompile>
    <ClCompile Include="src\OgreParticleSystemManager.cpp">
      <Filter>OgreMain</Filter>
    </ClCompile>
    <ClCompile Include="src\OgrePass.cpp">
      <Filter>OgreMain</Filter>
    </ClCompile>
    <ClCompile Include="src\OgrePatchMesh.cpp">
      <Filter>OgreMain</Filter>
    </ClCompile>
    <ClCompile Include="src\OgrePatchSurface.cpp">
      <Filter>OgreMain</Filter>
    </ClCompile>
    <ClCompile Include="src\OgrePixelCountLodStrategy.cpp">
      <Filter>OgreMain</Filter>
    </ClCompile>
    <ClCompile Include="src\OgrePixelFormat.cpp">
      <Filter>OgreMain</Filter>
    </ClCompile>
    <ClCompile Include="src\OgrePlane.cpp">
      <Filter>OgreMain</Filter>
    </ClCompile>
    <ClCompile Include="src\OgrePlatformInformation.cpp">
      <Filter>OgreMain</Filter>
    </ClCompile>
    <ClCompile Include="src\OgrePolygon.cpp">
      <Filter>OgreMain</Filter>
    </ClCompile>
    <ClCompile Include="src\OgrePose.cpp">
      <Filter>OgreMain</Filter>
    </ClCompile>
    <ClCompile Include="src\OgrePrecompiledHeaders.cpp">
      <Filter>OgreMain</Filter>
    </ClCompile>
    <ClCompile Include="src\OgrePredefinedControllers.cpp">
      <Filter>OgreMain</Filter>
    </ClCompile>
    <ClCompile Include="src\OgrePrefabFactory.cpp">
      <Filter>OgreMain</Filter>
    </ClCompile>
    <ClCompile Include="src\OgreProfiler.cpp">
      <Filter>OgreMain</Filter>
    </ClCompile>
    <ClCompile Include="src\OgreProgressiveMeshGenerator.cpp">
      <Filter>OgreMain</Filter>
    </ClCompile>
    <ClCompile Include="src\OgrePVRTCCodec.cpp">
      <Filter>OgreMain</Filter>
    </ClCompile>
    <ClCompile Include="src\OgreQuaternion.cpp">
      <Filter>OgreMain</Filter>
    </ClCompile>
    <ClCompile Include="src\OgreQueuedProgressiveMeshGenerator.cpp">
      <Filter>OgreMain</Filter>
    </ClCompile>
    <ClCompile Include="src\OgreRectangle2D.cpp">
      <Filter>OgreMain</Filter>
    </ClCompile>
    <ClCompile Include="src\OgreRenderQueue.cpp">
      <Filter>OgreMain</Filter>
    </ClCompile>
    <ClCompile Include="src\OgreRenderQueueInvocation.cpp">
      <Filter>OgreMain</Filter>
    </ClCompile>
    <ClCompile Include="src\OgreRenderQueueSortingGrouping.cpp">
      <Filter>OgreMain</Filter>
    </ClCompile>
    <ClCompile Include="src\OgreRenderSystem.cpp">
      <Filter>OgreMain</Filter>
    </ClCompile>
    <ClCompile Include="src\OgreRenderSystemCapabilities.cpp">
      <Filter>OgreMain</Filter>
    </ClCompile>
    <ClCompile Include="src\OgreRenderSystemCapabilitiesManager.cpp">
      <Filter>OgreMain</Filter>
    </ClCompile>
    <ClCompile Include="src\OgreRenderSystemCapabilitiesSerializer.cpp">
      <Filter>OgreMain</Filter>
    </ClCompile>
    <ClCompile Include="src\OgreRenderTarget.cpp">
      <Filter>OgreMain</Filter>
    </ClCompile>
    <ClCompile Include="src\OgreRenderTexture.cpp">
      <Filter>OgreMain</Filter>
    </ClCompile>
    <ClCompile Include="src\OgreRenderToVertexBuffer.cpp">
      <Filter>OgreMain</Filter>
    </ClCompile>
    <ClCompile Include="src\OgreRenderWindow.cpp">
      <Filter>OgreMain</Filter>
    </ClCompile>
    <ClCompile Include="src\OgreResource.cpp">
      <Filter>OgreMain</Filter>
    </ClCompile>
    <ClCompile Include="src\OgreResourceBackgroundQueue.cpp">
      <Filter>OgreMain</Filter>
    </ClCompile>
    <ClCompile Include="src\OgreResourceGroupManager.cpp">
      <Filter>OgreMain</Filter>
    </ClCompile>
    <ClCompile Include="src\OgreResourceManager.cpp">
      <Filter>OgreMain</Filter>
    </ClCompile>
    <ClCompile Include="src\OgreRibbonTrail.cpp">
      <Filter>OgreMain</Filter>
    </ClCompile>
    <ClCompile Include="src\OgreRoot.cpp">
      <Filter>OgreMain</Filter>
    </ClCompile>
    <ClCompile Include="src\OgreRotationSpline.cpp">
      <Filter>OgreMain</Filter>
    </ClCompile>
    <ClCompile Include="src\OgreSceneManager.cpp">
      <Filter>OgreMain</Filter>
    </ClCompile>
    <ClCompile Include="src\OgreSceneManagerEnumerator.cpp">
      <Filter>OgreMain</Filter>
    </ClCompile>
    <ClCompile Include="src\OgreSceneNode.cpp">
      <Filter>OgreMain</Filter>
    </ClCompile>
    <ClCompile Include="src\OgreSceneQuery.cpp">
      <Filter>OgreMain</Filter>
    </ClCompile>
    <ClCompile Include="src\OgreScriptCompiler.cpp">
      <Filter>OgreMain</Filter>
    </ClCompile>
    <ClCompile Include="src\OgreScriptLexer.cpp">
      <Filter>OgreMain</Filter>
    </ClCompile>
    <ClCompile Include="src\OgreScriptParser.cpp">
      <Filter>OgreMain</Filter>
    </ClCompile>
    <ClCompile Include="src\OgreScriptTranslator.cpp">
      <Filter>OgreMain</Filter>
    </ClCompile>
    <ClCompile Include="src\OgreSerializer.cpp">
      <Filter>OgreMain</Filter>
    </ClCompile>
    <ClCompile Include="src\OgreShadowCameraSetup.cpp">
      <Filter>OgreMain</Filter>
    </ClCompile>
    <ClCompile Include="src\OgreShadowCameraSetupFocused.cpp">
      <Filter>OgreMain</Filter>
    </ClCompile>
    <ClCompile Include="src\OgreShadowCameraSetupLiSPSM.cpp">
      <Filter>OgreMain</Filter>
    </ClCompile>
    <ClCompile Include="src\OgreShadowCameraSetupPlaneOptimal.cpp">
      <Filter>OgreMain</Filter>
    </ClCompile>
    <ClCompile Include="src\OgreShadowCameraSetupPSSM.cpp">
      <Filter>OgreMain</Filter>
    </ClCompile>
    <ClCompile Include="src\OgreShadowCaster.cpp">
      <Filter>OgreMain</Filter>
    </ClCompile>
    <ClCompile Include="src\OgreShadowTextureManager.cpp">
      <Filter>OgreMain</Filter>
    </ClCompile>
    <ClCompile Include="src\OgreShadowVolumeExtrudeProgram.cpp">
      <Filter>OgreMain</Filter>
    </ClCompile>
    <ClCompile Include="src\OgreSimpleRenderable.cpp">
      <Filter>OgreMain</Filter>
    </ClCompile>
    <ClCompile Include="src\OgreSimpleSpline.cpp">
      <Filter>OgreMain</Filter>
    </ClCompile>
    <ClCompile Include="src\OgreSkeleton.cpp">
      <Filter>OgreMain</Filter>
    </ClCompile>
    <ClCompile Include="src\OgreSkeletonInstance.cpp">
      <Filter>OgreMain</Filter>
    </ClCompile>
    <ClCompile Include="src\OgreSkeletonManager.cpp">
      <Filter>OgreMain</Filter>
    </ClCompile>
    <ClCompile Include="src\OgreSkeletonSerializer.cpp">
      <Filter>OgreMain</Filter>
    </ClCompile>
    <ClCompile Include="src\OgreSmallVector.cpp">
      <Filter>OgreMain</Filter>
    </ClCompile>
    <ClCompile Include="src\OgreStaticGeometry.cpp">
      <Filter>OgreMain</Filter>
    </ClCompile>
    <ClCompile Include="src\OgreStreamSerialiser.cpp">
      <Filter>OgreMain</Filter>
    </ClCompile>
    <ClCompile Include="src\OgreString.cpp">
      <Filter>OgreMain</Filter>
    </ClCompile>
    <ClCompile Include="src\OgreStringConverter.cpp">
      <Filter>OgreMain</Filter>
    </ClCompile>
    <ClCompile Include="src\OgreStringInterface.cpp">
      <Filter>OgreMain</Filter>
    </ClCompile>
    <ClCompile Include="src\OgreSubEntity.cpp">
      <Filter>OgreMain</Filter>
    </ClCompile>
    <ClCompile Include="src\OgreSubMesh.cpp">
      <Filter>OgreMain</Filter>
    </ClCompile>
    <ClCompile Include="src\OgreTagPoint.cpp">
      <Filter>OgreMain</Filter>
    </ClCompile>
    <ClCompile Include="src\OgreTangentSpaceCalc.cpp">
      <Filter>OgreMain</Filter>
    </ClCompile>
    <ClCompile Include="src\OgreTechnique.cpp">
      <Filter>OgreMain</Filter>
    </ClCompile>
    <ClCompile Include="src\OgreTexture.cpp">
      <Filter>OgreMain</Filter>
    </ClCompile>
    <ClCompile Include="src\OgreTextureManager.cpp">
      <Filter>OgreMain</Filter>
    </ClCompile>
    <ClCompile Include="src\OgreTextureUnitState.cpp">
      <Filter>OgreMain</Filter>
    </ClCompile>
    <ClCompile Include="src\WIN32\OgreTimer.cpp">
      <Filter>OgreMain</Filter>
    </ClCompile>
    <ClCompile Include="src\OgreUnifiedHighLevelGpuProgram.cpp">
      <Filter>OgreMain</Filter>
    </ClCompile>
    <ClCompile Include="src\OgreUserObjectBindings.cpp">
      <Filter>OgreMain</Filter>
    </ClCompile>
    <ClCompile Include="src\OgreUTFString.cpp">
      <Filter>OgreMain</Filter>
    </ClCompile>
    <ClCompile Include="src\OgreVector2.cpp">
      <Filter>OgreMain</Filter>
    </ClCompile>
    <ClCompile Include="src\OgreVector3.cpp">
      <Filter>OgreMain</Filter>
    </ClCompile>
    <ClCompile Include="src\OgreVector4.cpp">
      <Filter>OgreMain</Filter>
    </ClCompile>
    <ClCompile Include="src\OgreVertexIndexData.cpp">
      <Filter>OgreMain</Filter>
    </ClCompile>
    <ClCompile Include="src\OgreViewport.cpp">
      <Filter>OgreMain</Filter>
    </ClCompile>
    <ClCompile Include="src\OgreWindowEventUtilities.cpp">
      <Filter>OgreMain</Filter>
    </ClCompile>
    <ClCompile Include="src\OgreWireBoundingBox.cpp">
      <Filter>OgreMain</Filter>
    </ClCompile>
    <ClCompile Include="src\OgreWorkQueue.cpp">
      <Filter>OgreMain</Filter>
    </ClCompile>
    <ClCompile Include="LiteRenderSystem.cpp">
      <Filter>Source Files</Filter>
    </ClCompile>
    <ClCompile Include="LiteMovableObject.cpp">
      <Filter>Source Files</Filter>
    </ClCompile>
    <ClCompile Include="LiteSceneManager.cpp">
      <Filter>Source Files</Filter>
    </ClCompile>
    <ClCompile Include="LiteSceneNode.cpp">
      <Filter>Source Files</Filter>
    </ClCompile>
  </ItemGroup>
  <ItemGroup>
    <ClInclude Include="src\OgreImageResampler.h">
      <Filter>OgreMain</Filter>
    </ClInclude>
    <ClInclude Include="src\OgrePixelConversions.h">
      <Filter>OgreMain</Filter>
    </ClInclude>
    <ClInclude Include="src\OgreSIMDHelper.h">
      <Filter>OgreMain</Filter>
    </ClInclude>
    <ClInclude Include="include\asm_math.h">
      <Filter>OgreMain</Filter>
    </ClInclude>
    <ClInclude Include="src\WIN32\winres.h">
      <Filter>OgreMain</Filter>
    </ClInclude>
    <ClInclude Include="include\Ogre.h">
      <Filter>OgreMain</Filter>
    </ClInclude>
    <ClInclude Include="include\OgreAlignedAllocator.h">
      <Filter>OgreMain</Filter>
    </ClInclude>
    <ClInclude Include="include\OgreAnimable.h">
      <Filter>OgreMain</Filter>
    </ClInclude>
    <ClInclude Include="include\OgreAnimation.h">
      <Filter>OgreMain</Filter>
    </ClInclude>
    <ClInclude Include="include\OgreAnimationState.h">
      <Filter>OgreMain</Filter>
    </ClInclude>
    <ClInclude Include="include\OgreAnimationTrack.h">
      <Filter>OgreMain</Filter>
    </ClInclude>
    <ClInclude Include="include\OgreAny.h">
      <Filter>OgreMain</Filter>
    </ClInclude>
    <ClInclude Include="include\OgreArchive.h">
      <Filter>OgreMain</Filter>
    </ClInclude>
    <ClInclude Include="include\OgreArchiveFactory.h">
      <Filter>OgreMain</Filter>
    </ClInclude>
    <ClInclude Include="include\OgreArchiveManager.h">
      <Filter>OgreMain</Filter>
    </ClInclude>
    <ClInclude Include="include\OgreAtomicObject.h">
      <Filter>OgreMain</Filter>
    </ClInclude>
    <ClInclude Include="include\OgreAtomicScalar.h">
      <Filter>OgreMain</Filter>
    </ClInclude>
    <ClInclude Include="include\OgreAutoParamDataSource.h">
      <Filter>OgreMain</Filter>
    </ClInclude>
    <ClInclude Include="include\OgreAxisAlignedBox.h">
      <Filter>OgreMain</Filter>
    </ClInclude>
    <ClInclude Include="include\OgreBillboard.h">
      <Filter>OgreMain</Filter>
    </ClInclude>
    <ClInclude Include="include\OgreBillboardChain.h">
      <Filter>OgreMain</Filter>
    </ClInclude>
    <ClInclude Include="include\OgreBillboardParticleRenderer.h">
      <Filter>OgreMain</Filter>
    </ClInclude>
    <ClInclude Include="include\OgreBillboardSet.h">
      <Filter>OgreMain</Filter>
    </ClInclude>
    <ClInclude Include="include\OgreBitwise.h">
      <Filter>OgreMain</Filter>
    </ClInclude>
    <ClInclude Include="include\OgreBlendMode.h">
      <Filter>OgreMain</Filter>
    </ClInclude>
    <ClInclude Include="include\OgreBone.h">
      <Filter>OgreMain</Filter>
    </ClInclude>
    <ClInclude Include="include\OgreCamera.h">
      <Filter>OgreMain</Filter>
    </ClInclude>
    <ClInclude Include="include\OgreCodec.h">
      <Filter>OgreMain</Filter>
    </ClInclude>
    <ClInclude Include="include\OgreColourValue.h">
      <Filter>OgreMain</Filter>
    </ClInclude>
    <ClInclude Include="include\OgreCommon.h">
      <Filter>OgreMain</Filter>
    </ClInclude>
    <ClInclude Include="include\OgreCompositionPass.h">
      <Filter>OgreMain</Filter>
    </ClInclude>
    <ClInclude Include="include\OgreCompositionTargetPass.h">
      <Filter>OgreMain</Filter>
    </ClInclude>
    <ClInclude Include="include\OgreCompositionTechnique.h">
      <Filter>OgreMain</Filter>
    </ClInclude>
    <ClInclude Include="include\OgreCompositor.h">
      <Filter>OgreMain</Filter>
    </ClInclude>
    <ClInclude Include="include\OgreCompositorChain.h">
      <Filter>OgreMain</Filter>
    </ClInclude>
    <ClInclude Include="include\OgreCompositorInstance.h">
      <Filter>OgreMain</Filter>
    </ClInclude>
    <ClInclude Include="include\OgreCompositorLogic.h">
      <Filter>OgreMain</Filter>
    </ClInclude>
    <ClInclude Include="include\OgreCompositorManager.h">
      <Filter>OgreMain</Filter>
    </ClInclude>
    <ClInclude Include="include\OgreConfig.h">
      <Filter>OgreMain</Filter>
    </ClInclude>
    <ClInclude Include="include\OgreConfigDialog.h">
      <Filter>OgreMain</Filter>
    </ClInclude>
    <ClInclude Include="include\OgreConfigFile.h">
      <Filter>OgreMain</Filter>
    </ClInclude>
    <ClInclude Include="include\OgreConfigOptionMap.h">
      <Filter>OgreMain</Filter>
    </ClInclude>
    <ClInclude Include="include\OgreController.h">
      <Filter>OgreMain</Filter>
    </ClInclude>
    <ClInclude Include="include\OgreControllerManager.h">
      <Filter>OgreMain</Filter>
    </ClInclude>
    <ClInclude Include="include\OgreConvexBody.h">
      <Filter>OgreMain</Filter>
    </ClInclude>
    <ClInclude Include="include\OgreCustomCompositionPass.h">
      <Filter>OgreMain</Filter>
    </ClInclude>
    <ClInclude Include="include\OgreDataStream.h">
      <Filter>OgreMain</Filter>
    </ClInclude>
    <ClInclude Include="include\OgreDDSCodec.h">
      <Filter>OgreMain</Filter>
    </ClInclude>
    <ClInclude Include="include\OgreDefaultHardwareBufferManager.h">
      <Filter>OgreMain</Filter>
    </ClInclude>
    <ClInclude Include="include\OgreDeflate.h">
      <Filter>OgreMain</Filter>
    </ClInclude>
    <ClInclude Include="include\OgreDepthBuffer.h">
      <Filter>OgreMain</Filter>
    </ClInclude>
    <ClInclude Include="include\OgreDistanceLodStrategy.h">
      <Filter>OgreMain</Filter>
    </ClInclude>
    <ClInclude Include="include\OgreDualQuaternion.h">
      <Filter>OgreMain</Filter>
    </ClInclude>
    <ClInclude Include="include\OgreDynLib.h">
      <Filter>OgreMain</Filter>
    </ClInclude>
    <ClInclude Include="include\OgreDynLibManager.h">
      <Filter>OgreMain</Filter>
    </ClInclude>
    <ClInclude Include="include\OgreEdgeListBuilder.h">
      <Filter>OgreMain</Filter>
    </ClInclude>
    <ClInclude Include="include\OgreEntity.h">
      <Filter>OgreMain</Filter>
    </ClInclude>
    <ClInclude Include="include\OgreErrorDialog.h">
      <Filter>OgreMain</Filter>
    </ClInclude>
    <ClInclude Include="include\OgreETCCodec.h">
      <Filter>OgreMain</Filter>
    </ClInclude>
    <ClInclude Include="include\OgreException.h">
      <Filter>OgreMain</Filter>
    </ClInclude>
    <ClInclude Include="include\OgreExternalTextureSource.h">
      <Filter>OgreMain</Filter>
    </ClInclude>
    <ClInclude Include="include\OgreExternalTextureSourceManager.h">
      <Filter>OgreMain</Filter>
    </ClInclude>
    <ClInclude Include="include\OgreFactoryObj.h">
      <Filter>OgreMain</Filter>
    </ClInclude>
    <ClInclude Include="include\OgreFileSystem.h">
      <Filter>OgreMain</Filter>
    </ClInclude>
    <ClInclude Include="include\OgreFileSystemLayer.h">
      <Filter>OgreMain</Filter>
    </ClInclude>
    <ClInclude Include="include\OgreFrameListener.h">
      <Filter>OgreMain</Filter>
    </ClInclude>
    <ClInclude Include="include\OgreFreeImageCodec.h">
      <Filter>OgreMain</Filter>
    </ClInclude>
    <ClInclude Include="include\OgreFrustum.h">
      <Filter>OgreMain</Filter>
    </ClInclude>
    <ClInclude Include="include\OgreGpuProgram.h">
      <Filter>OgreMain</Filter>
    </ClInclude>
    <ClInclude Include="include\OgreGpuProgramManager.h">
      <Filter>OgreMain</Filter>
    </ClInclude>
    <ClInclude Include="include\OgreGpuProgramParams.h">
      <Filter>OgreMain</Filter>
    </ClInclude>
    <ClInclude Include="include\OgreGpuProgramUsage.h">
      <Filter>OgreMain</Filter>
    </ClInclude>
    <ClInclude Include="include\OgreHardwareBuffer.h">
      <Filter>OgreMain</Filter>
    </ClInclude>
    <ClInclude Include="include\OgreHardwareBufferManager.h">
      <Filter>OgreMain</Filter>
    </ClInclude>
    <ClInclude Include="include\OgreHardwareCounterBuffer.h">
      <Filter>OgreMain</Filter>
    </ClInclude>
    <ClInclude Include="include\OgreHardwareIndexBuffer.h">
      <Filter>OgreMain</Filter>
    </ClInclude>
    <ClInclude Include="include\OgreHardwareOcclusionQuery.h">
      <Filter>OgreMain</Filter>
    </ClInclude>
    <ClInclude Include="include\OgreHardwarePixelBuffer.h">
      <Filter>OgreMain</Filter>
    </ClInclude>
    <ClInclude Include="include\OgreHardwareUniformBuffer.h">
      <Filter>OgreMain</Filter>
    </ClInclude>
    <ClInclude Include="include\OgreHardwareVertexBuffer.h">
      <Filter>OgreMain</Filter>
    </ClInclude>
    <ClInclude Include="include\OgreHeaderPrefix.h">
      <Filter>OgreMain</Filter>
    </ClInclude>
    <ClInclude Include="include\OgreHeaderSuffix.h">
      <Filter>OgreMain</Filter>
    </ClInclude>
    <ClInclude Include="include\OgreHighLevelGpuProgram.h">
      <Filter>OgreMain</Filter>
    </ClInclude>
    <ClInclude Include="include\OgreHighLevelGpuProgramManager.h">
      <Filter>OgreMain</Filter>
    </ClInclude>
    <ClInclude Include="include\OgreImage.h">
      <Filter>OgreMain</Filter>
    </ClInclude>
    <ClInclude Include="include\OgreImageCodec.h">
      <Filter>OgreMain</Filter>
    </ClInclude>
    <ClInclude Include="include\OgreInstanceBatch.h">
      <Filter>OgreMain</Filter>
    </ClInclude>
    <ClInclude Include="include\OgreInstanceBatchHW.h">
      <Filter>OgreMain</Filter>
    </ClInclude>
    <ClInclude Include="include\OgreInstanceBatchHW_VTF.h">
      <Filter>OgreMain</Filter>
    </ClInclude>
    <ClInclude Include="include\OgreInstanceBatchShader.h">
      <Filter>OgreMain</Filter>
    </ClInclude>
    <ClInclude Include="include\OgreInstanceBatchVTF.h">
      <Filter>OgreMain</Filter>
    </ClInclude>
    <ClInclude Include="include\OgreInstancedEntity.h">
      <Filter>OgreMain</Filter>
    </ClInclude>
    <ClInclude Include="include\OgreInstancedGeometry.h">
      <Filter>OgreMain</Filter>
    </ClInclude>
    <ClInclude Include="include\OgreInstanceManager.h">
      <Filter>OgreMain</Filter>
    </ClInclude>
    <ClInclude Include="include\OgreIteratorRange.h">
      <Filter>OgreMain</Filter>
    </ClInclude>
    <ClInclude Include="include\OgreIteratorWrapper.h">
      <Filter>OgreMain</Filter>
    </ClInclude>
    <ClInclude Include="include\OgreIteratorWrappers.h">
      <Filter>OgreMain</Filter>
    </ClInclude>
    <ClInclude Include="include\OgreKeyFrame.h">
      <Filter>OgreMain</Filter>
    </ClInclude>
    <ClInclude Include="include\OgreLight.h">
      <Filter>OgreMain</Filter>
    </ClInclude>
    <ClInclude Include="include\OgreLodConfig.h">
      <Filter>OgreMain</Filter>
    </ClInclude>
    <ClInclude Include="include\OgreLodListener.h">
      <Filter>OgreMain</Filter>
    </ClInclude>
    <ClInclude Include="include\OgreLodStrategy.h">
      <Filter>OgreMain</Filter>
    </ClInclude>
    <ClInclude Include="include\OgreLodStrategyManager.h">
      <Filter>OgreMain</Filter>
    </ClInclude>
    <ClInclude Include="include\OgreLog.h">
      <Filter>OgreMain</Filter>
    </ClInclude>
    <ClInclude Include="include\OgreLogManager.h">
      <Filter>OgreMain</Filter>
    </ClInclude>
    <ClInclude Include="include\OgreManualObject.h">
      <Filter>OgreMain</Filter>
    </ClInclude>
    <ClInclude Include="include\OgreMaterial.h">
      <Filter>OgreMain</Filter>
    </ClInclude>
    <ClInclude Include="include\OgreMaterialManager.h">
      <Filter>OgreMain</Filter>
    </ClInclude>
    <ClInclude Include="include\OgreMaterialSerializer.h">
      <Filter>OgreMain</Filter>
    </ClInclude>
    <ClInclude Include="include\OgreMath.h">
      <Filter>OgreMain</Filter>
    </ClInclude>
    <ClInclude Include="include\OgreMatrix3.h">
      <Filter>OgreMain</Filter>
    </ClInclude>
    <ClInclude Include="include\OgreMatrix4.h">
      <Filter>OgreMain</Filter>
    </ClInclude>
    <ClInclude Include="include\OgreMemoryAllocatedObject.h">
      <Filter>OgreMain</Filter>
    </ClInclude>
    <ClInclude Include="include\OgreMemoryAllocatorConfig.h">
      <Filter>OgreMain</Filter>
    </ClInclude>
    <ClInclude Include="include\OgreMemoryNedAlloc.h">
      <Filter>OgreMain</Filter>
    </ClInclude>
    <ClInclude Include="include\OgreMemoryNedPooling.h">
      <Filter>OgreMain</Filter>
    </ClInclude>
    <ClInclude Include="include\OgreMemoryStdAlloc.h">
      <Filter>OgreMain</Filter>
    </ClInclude>
    <ClInclude Include="include\OgreMemorySTLAllocator.h">
      <Filter>OgreMain</Filter>
    </ClInclude>
    <ClInclude Include="include\OgreMemoryTracker.h">
      <Filter>OgreMain</Filter>
    </ClInclude>
    <ClInclude Include="include\OgreMesh.h">
      <Filter>OgreMain</Filter>
    </ClInclude>
    <ClInclude Include="include\OgreMeshFileFormat.h">
      <Filter>OgreMain</Filter>
    </ClInclude>
    <ClInclude Include="include\OgreMeshManager.h">
      <Filter>OgreMain</Filter>
    </ClInclude>
    <ClInclude Include="include\OgreMeshSerializer.h">
      <Filter>OgreMain</Filter>
    </ClInclude>
    <ClInclude Include="include\OgreMeshSerializerImpl.h">
      <Filter>OgreMain</Filter>
    </ClInclude>
    <ClInclude Include="include\OgreMovableObject.h">
      <Filter>OgreMain</Filter>
    </ClInclude>
    <ClInclude Include="include\OgreMovablePlane.h">
      <Filter>OgreMain</Filter>
    </ClInclude>
    <ClInclude Include="include\OgreNameGenerator.h">
      <Filter>OgreMain</Filter>
    </ClInclude>
    <ClInclude Include="include\OgreNode.h">
      <Filter>OgreMain</Filter>
    </ClInclude>
    <ClInclude Include="include\OgreNumerics.h">
      <Filter>OgreMain</Filter>
    </ClInclude>
    <ClInclude Include="include\OgreOptimisedUtil.h">
      <Filter>OgreMain</Filter>
    </ClInclude>
    <ClInclude Include="include\OgreParticle.h">
      <Filter>OgreMain</Filter>
    </ClInclude>
    <ClInclude Include="include\OgreParticleAffector.h">
      <Filter>OgreMain</Filter>
    </ClInclude>
    <ClInclude Include="include\OgreParticleAffectorFactory.h">
      <Filter>OgreMain</Filter>
    </ClInclude>
    <ClInclude Include="include\OgreParticleEmitter.h">
      <Filter>OgreMain</Filter>
    </ClInclude>
    <ClInclude Include="include\OgreParticleEmitterCommands.h">
      <Filter>OgreMain</Filter>
    </ClInclude>
    <ClInclude Include="include\OgreParticleEmitterFactory.h">
      <Filter>OgreMain</Filter>
    </ClInclude>
    <ClInclude Include="include\OgreParticleIterator.h">
      <Filter>OgreMain</Filter>
    </ClInclude>
    <ClInclude Include="include\OgreParticleSystem.h">
      <Filter>OgreMain</Filter>
    </ClInclude>
    <ClInclude Include="include\OgreParticleSystemManager.h">
      <Filter>OgreMain</Filter>
    </ClInclude>
    <ClInclude Include="include\OgreParticleSystemRenderer.h">
      <Filter>OgreMain</Filter>
    </ClInclude>
    <ClInclude Include="include\OgrePass.h">
      <Filter>OgreMain</Filter>
    </ClInclude>
    <ClInclude Include="include\OgrePatchMesh.h">
      <Filter>OgreMain</Filter>
    </ClInclude>
    <ClInclude Include="include\OgrePatchSurface.h">
      <Filter>OgreMain</Filter>
    </ClInclude>
    <ClInclude Include="include\OgrePixelCountLodStrategy.h">
      <Filter>OgreMain</Filter>
    </ClInclude>
    <ClInclude Include="include\OgrePixelFormat.h">
      <Filter>OgreMain</Filter>
    </ClInclude>
    <ClInclude Include="include\OgrePixelFormatDescriptions.h">
      <Filter>OgreMain</Filter>
    </ClInclude>
    <ClInclude Include="include\OgrePlane.h">
      <Filter>OgreMain</Filter>
    </ClInclude>
    <ClInclude Include="include\OgrePlaneBoundedVolume.h">
      <Filter>OgreMain</Filter>
    </ClInclude>
    <ClInclude Include="include\OgrePlatform.h">
      <Filter>OgreMain</Filter>
    </ClInclude>
    <ClInclude Include="include\OgrePlatformInformation.h">
      <Filter>OgreMain</Filter>
    </ClInclude>
    <ClInclude Include="include\OgrePlugin.h">
      <Filter>OgreMain</Filter>
    </ClInclude>
    <ClInclude Include="include\OgrePolygon.h">
      <Filter>OgreMain</Filter>
    </ClInclude>
    <ClInclude Include="include\OgrePose.h">
      <Filter>OgreMain</Filter>
    </ClInclude>
    <ClInclude Include="include\OgrePredefinedControllers.h">
      <Filter>OgreMain</Filter>
    </ClInclude>
    <ClInclude Include="include\OgrePrefabFactory.h">
      <Filter>OgreMain</Filter>
    </ClInclude>
    <ClInclude Include="include\OgrePrerequisites.h">
      <Filter>OgreMain</Filter>
    </ClInclude>
    <ClInclude Include="include\OgreProfiler.h">
      <Filter>OgreMain</Filter>
    </ClInclude>
    <ClInclude Include="include\OgreProgressiveMeshGenerator.h">
      <Filter>OgreMain</Filter>
    </ClInclude>
    <ClInclude Include="include\OgrePVRTCCodec.h">
      <Filter>OgreMain</Filter>
    </ClInclude>
    <ClInclude Include="include\OgreQuaternion.h">
      <Filter>OgreMain</Filter>
    </ClInclude>
    <ClInclude Include="include\OgreQueuedProgressiveMeshGenerator.h">
      <Filter>OgreMain</Filter>
    </ClInclude>
    <ClInclude Include="include\OgreRadixSort.h">
      <Filter>OgreMain</Filter>
    </ClInclude>
    <ClInclude Include="include\OgreRay.h">
      <Filter>OgreMain</Filter>
    </ClInclude>
    <ClInclude Include="include\OgreRectangle2D.h">
      <Filter>OgreMain</Filter>
    </ClInclude>
    <ClInclude Include="include\OgreRenderable.h">
      <Filter>OgreMain</Filter>
    </ClInclude>
    <ClInclude Include="include\OgreRenderObjectListener.h">
      <Filter>OgreMain</Filter>
    </ClInclude>
    <ClInclude Include="include\OgreRenderOperation.h">
      <Filter>OgreMain</Filter>
    </ClInclude>
    <ClInclude Include="include\OgreRenderQueue.h">
      <Filter>OgreMain</Filter>
    </ClInclude>
    <ClInclude Include="include\OgreRenderQueueInvocation.h">
      <Filter>OgreMain</Filter>
    </ClInclude>
    <ClInclude Include="include\OgreRenderQueueListener.h">
      <Filter>OgreMain</Filter>
    </ClInclude>
    <ClInclude Include="include\OgreRenderQueueSortingGrouping.h">
      <Filter>OgreMain</Filter>
    </ClInclude>
    <ClInclude Include="include\OgreRenderSystem.h">
      <Filter>OgreMain</Filter>
    </ClInclude>
    <ClInclude Include="include\OgreRenderSystemCapabilities.h">
      <Filter>OgreMain</Filter>
    </ClInclude>
    <ClInclude Include="include\OgreRenderSystemCapabilitiesManager.h">
      <Filter>OgreMain</Filter>
    </ClInclude>
    <ClInclude Include="include\OgreRenderSystemCapabilitiesSerializer.h">
      <Filter>OgreMain</Filter>
    </ClInclude>
    <ClInclude Include="include\OgreRenderTarget.h">
      <Filter>OgreMain</Filter>
    </ClInclude>
    <ClInclude Include="include\OgreRenderTargetListener.h">
      <Filter>OgreMain</Filter>
    </ClInclude>
    <ClInclude Include="include\OgreRenderTexture.h">
      <Filter>OgreMain</Filter>
    </ClInclude>
    <ClInclude Include="include\OgreRenderToVertexBuffer.h">
      <Filter>OgreMain</Filter>
    </ClInclude>
    <ClInclude Include="include\OgreRenderWindow.h">
      <Filter>OgreMain</Filter>
    </ClInclude>
    <ClInclude Include="include\OgreResource.h">
      <Filter>OgreMain</Filter>
    </ClInclude>
    <ClInclude Include="include\OgreResourceBackgroundQueue.h">
      <Filter>OgreMain</Filter>
    </ClInclude>
    <ClInclude Include="include\OgreResourceGroupManager.h">
      <Filter>OgreMain</Filter>
    </ClInclude>
    <ClInclude Include="include\OgreResourceManager.h">
      <Filter>OgreMain</Filter>
    </ClInclude>
    <ClInclude Include="include\OgreRibbonTrail.h">
      <Filter>OgreMain</Filter>
    </ClInclude>
    <ClInclude Include="include\OgreRoot.h">
      <Filter>OgreMain</Filter>
    </ClInclude>
    <ClInclude Include="include\OgreRotationalSpline.h">
      <Filter>OgreMain</Filter>
    </ClInclude>
    <ClInclude Include="include\OgreSceneManager.h">
      <Filter>OgreMain</Filter>
    </ClInclude>
    <ClInclude Include="include\OgreSceneManagerEnumerator.h">
      <Filter>OgreMain</Filter>
    </ClInclude>
    <ClInclude Include="include\OgreSceneNode.h">
      <Filter>OgreMain</Filter>
    </ClInclude>
    <ClInclude Include="include\OgreSceneQuery.h">
      <Filter>OgreMain</Filter>
    </ClInclude>
    <ClInclude Include="include\OgreScriptCompiler.h">
      <Filter>OgreMain</Filter>
    </ClInclude>
    <ClInclude Include="include\OgreScriptLexer.h">
      <Filter>OgreMain</Filter>
    </ClInclude>
    <ClInclude Include="include\OgreScriptLoader.h">
      <Filter>OgreMain</Filter>
    </ClInclude>
    <ClInclude Include="include\OgreScriptParser.h">
      <Filter>OgreMain</Filter>
    </ClInclude>
    <ClInclude Include="include\OgreScriptTranslator.h">
      <Filter>OgreMain</Filter>
    </ClInclude>
    <ClInclude Include="include\OgreSearchOps.h">
      <Filter>OgreMain</Filter>
    </ClInclude>
    <ClInclude Include="include\OgreSerializer.h">
      <Filter>OgreMain</Filter>
    </ClInclude>
    <ClInclude Include="include\OgreShadowCameraSetup.h">
      <Filter>OgreMain</Filter>
    </ClInclude>
    <ClInclude Include="include\OgreShadowCameraSetupFocused.h">
      <Filter>OgreMain</Filter>
    </ClInclude>
    <ClInclude Include="include\OgreShadowCameraSetupLiSPSM.h">
      <Filter>OgreMain</Filter>
    </ClInclude>
    <ClInclude Include="include\OgreShadowCameraSetupPlaneOptimal.h">
      <Filter>OgreMain</Filter>
    </ClInclude>
    <ClInclude Include="include\OgreShadowCameraSetupPSSM.h">
      <Filter>OgreMain</Filter>
    </ClInclude>
    <ClInclude Include="include\OgreShadowCaster.h">
      <Filter>OgreMain</Filter>
    </ClInclude>
    <ClInclude Include="include\OgreShadowTextureManager.h">
      <Filter>OgreMain</Filter>
    </ClInclude>
    <ClInclude Include="include\OgreShadowVolumeExtrudeProgram.h">
      <Filter>OgreMain</Filter>
    </ClInclude>
    <ClInclude Include="include\OgreSharedPtr.h">
      <Filter>OgreMain</Filter>
    </ClInclude>
    <ClInclude Include="include\OgreSimpleRenderable.h">
      <Filter>OgreMain</Filter>
    </ClInclude>
    <ClInclude Include="include\OgreSimpleSpline.h">
      <Filter>OgreMain</Filter>
    </ClInclude>
    <ClInclude Include="include\OgreSingleton.h">
      <Filter>OgreMain</Filter>
    </ClInclude>
    <ClInclude Include="include\OgreSkeleton.h">
      <Filter>OgreMain</Filter>
    </ClInclude>
    <ClInclude Include="include\OgreSkeletonFileFormat.h">
      <Filter>OgreMain</Filter>
    </ClInclude>
    <ClInclude Include="include\OgreSkeletonInstance.h">
      <Filter>OgreMain</Filter>
    </ClInclude>
    <ClInclude Include="include\OgreSkeletonManager.h">
      <Filter>OgreMain</Filter>
    </ClInclude>
    <ClInclude Include="include\OgreSkeletonSerializer.h">
      <Filter>OgreMain</Filter>
    </ClInclude>
    <ClInclude Include="include\OgreSmallVector.h">
      <Filter>OgreMain</Filter>
    </ClInclude>
    <ClInclude Include="include\OgreSphere.h">
      <Filter>OgreMain</Filter>
    </ClInclude>
    <ClInclude Include="include\OgreSpotShadowFadePng.h">
      <Filter>OgreMain</Filter>
    </ClInclude>
    <ClInclude Include="include\OgreStableHeaders.h">
      <Filter>OgreMain</Filter>
    </ClInclude>
    <ClInclude Include="include\OgreStaticFaceGroup.h">
      <Filter>OgreMain</Filter>
    </ClInclude>
    <ClInclude Include="include\OgreStaticGeometry.h">
      <Filter>OgreMain</Filter>
    </ClInclude>
    <ClInclude Include="include\OgreStdHeaders.h">
      <Filter>OgreMain</Filter>
    </ClInclude>
    <ClInclude Include="include\OgreStreamSerialiser.h">
      <Filter>OgreMain</Filter>
    </ClInclude>
    <ClInclude Include="include\OgreString.h">
      <Filter>OgreMain</Filter>
    </ClInclude>
    <ClInclude Include="include\OgreStringConverter.h">
      <Filter>OgreMain</Filter>
    </ClInclude>
    <ClInclude Include="include\OgreStringInterface.h">
      <Filter>OgreMain</Filter>
    </ClInclude>
    <ClInclude Include="include\OgreStringVector.h">
      <Filter>OgreMain</Filter>
    </ClInclude>
    <ClInclude Include="include\OgreSubEntity.h">
      <Filter>OgreMain</Filter>
    </ClInclude>
    <ClInclude Include="include\OgreSubMesh.h">
      <Filter>OgreMain</Filter>
    </ClInclude>
    <ClInclude Include="include\OgreTagPoint.h">
      <Filter>OgreMain</Filter>
    </ClInclude>
    <ClInclude Include="include\OgreTangentSpaceCalc.h">
      <Filter>OgreMain</Filter>
    </ClInclude>
    <ClInclude Include="include\OgreTechnique.h">
      <Filter>OgreMain</Filter>
    </ClInclude>
    <ClInclude Include="include\OgreTexture.h">
      <Filter>OgreMain</Filter>
    </ClInclude>
    <ClInclude Include="include\OgreTextureManager.h">
      <Filter>OgreMain</Filter>
    </ClInclude>
    <ClInclude Include="include\OgreTextureUnitState.h">
      <Filter>OgreMain</Filter>
    </ClInclude>
    <ClInclude Include="include\OgreTimer.h">
      <Filter>OgreMain</Filter>
    </ClInclude>
    <ClInclude Include="include\OgreUnifiedHighLevelGpuProgram.h">
      <Filter>OgreMain</Filter>
    </ClInclude>
    <ClInclude Include="include\OgreUserObjectBindings.h">
      <Filter>OgreMain</Filter>
    </ClInclude>
    <ClInclude Include="include\OgreUTFString.h">
      <Filter>OgreMain</Filter>
    </ClInclude>
    <ClInclude Include="include\OgreVector2.h">
      <Filter>OgreMain</Filter>
    </ClInclude>
    <ClInclude Include="include\OgreVector3.h">
      <Filter>OgreMain</Filter>
    </ClInclude>
    <ClInclude Include="include\OgreVector4.h">
      <Filter>OgreMain</Filter>
    </ClInclude>
    <ClInclude Include="include\OgreVertexBoneAssignment.h">
      <Filter>OgreMain</Filter>
    </ClInclude>
    <ClInclude Include="include\OgreVertexIndexData.h">
      <Filter>OgreMain</Filter>
    </ClInclude>
    <ClInclude Include="include\OgreViewport.h">
      <Filter>OgreMain</Filter>
    </ClInclude>
    <ClInclude Include="include\OgreWindowEventUtilities.h">
      <Filter>OgreMain</Filter>
    </ClInclude>
    <ClInclude Include="include\OgreWireBoundingBox.h">
      <Filter>OgreMain</Filter>
    </ClInclude>
    <ClInclude Include="include\OgreWorkQueue.h">
      <Filter>OgreMain</Filter>
    </ClInclude>
    <ClInclude Include="include\OgreZip.h">
      <Filter>OgreMain</Filter>
    </ClInclude>
    <ClInclude Include="src\WIN32\resource.h">
      <Filter>OgreMain</Filter>
    </ClInclude>
    <ClInclude Include="LiteRoot.h">
      <Filter>Header Files</Filter>
    </ClInclude>
    <ClInclude Include="LiteRenderSystem.h">
      <Filter>Header Files</Filter>
    </ClInclude>
    <ClInclude Include="LiteMovableObject.h">
      <Filter>Header Files</Filter>
    </ClInclude>
    <ClInclude Include="LiteSceneManager.h">
      <Filter>Header Files</Filter>
    </ClInclude>
    <ClInclude Include="LiteSceneNode.h">
      <Filter>Header Files</Filter>
    </ClInclude>
  </ItemGroup>
  <ItemGroup>
    <None Include="src\WIN32\ogrelogo.bmp">
      <Filter>Resource Files</Filter>
    </None>
    <None Include="src\WIN32\ogre.ico">
      <Filter>Resource Files</Filter>
    </None>
  </ItemGroup>
</Project>